
Microsoft Visual Studio Solution File, Format Version 12.00
# Visual Studio Version 17
VisualStudioVersion = 17.1.31911.260
MinimumVisualStudioVersion = 10.0.40219.1
Project("{9A19103F-16F7-4668-BE54-9A1E7A4F7556}") = "RollingRetentionCalc", "RollingRetentionCalc\RollingRetentionCalc.csproj", "{292B00C8-49F4-4DE9-A2B1-EA113A7EEDA6}"
EndProject
Project("{9A19103F-16F7-4668-BE54-9A1E7A4F7556}") = "DBRepository", "DBRepository\DBRepository.csproj", "{19A29FC3-D15C-4535-B1E6-38F32D8D4DA1}"
EndProject
Project("{9A19103F-16F7-4668-BE54-9A1E7A4F7556}") = "Models", "Models\Models.csproj", "{0235E13E-903E-45B1-B149-F6B33BDA972E}"
EndProject
Project("{FAE04EC0-301F-11D3-BF4B-00C04F79EFBC}") = "DBTest", "DBTest\DBTest.csproj", "{B5A9F34B-0305-40DC-8A3B-EFEFFDABA4C1}"
EndProject
Global
	GlobalSection(SolutionConfigurationPlatforms) = preSolution
		Debug|Any CPU = Debug|Any CPU
		Release|Any CPU = Release|Any CPU
	EndGlobalSection
	GlobalSection(ProjectConfigurationPlatforms) = postSolution
		{292B00C8-49F4-4DE9-A2B1-EA113A7EEDA6}.Debug|Any CPU.ActiveCfg = Debug|Any CPU
		{292B00C8-49F4-4DE9-A2B1-EA113A7EEDA6}.Debug|Any CPU.Build.0 = Debug|Any CPU
		{292B00C8-49F4-4DE9-A2B1-EA113A7EEDA6}.Release|Any CPU.ActiveCfg = Release|Any CPU
		{292B00C8-49F4-4DE9-A2B1-EA113A7EEDA6}.Release|Any CPU.Build.0 = Release|Any CPU
		{19A29FC3-D15C-4535-B1E6-38F32D8D4DA1}.Debug|Any CPU.ActiveCfg = Debug|Any CPU
		{19A29FC3-D15C-4535-B1E6-38F32D8D4DA1}.Debug|Any CPU.Build.0 = Debug|Any CPU
		{19A29FC3-D15C-4535-B1E6-38F32D8D4DA1}.Release|Any CPU.ActiveCfg = Release|Any CPU
		{19A29FC3-D15C-4535-B1E6-38F32D8D4DA1}.Release|Any CPU.Build.0 = Release|Any CPU
		{0235E13E-903E-45B1-B149-F6B33BDA972E}.Debug|Any CPU.ActiveCfg = Debug|Any CPU
		{0235E13E-903E-45B1-B149-F6B33BDA972E}.Debug|Any CPU.Build.0 = Debug|Any CPU
		{0235E13E-903E-45B1-B149-F6B33BDA972E}.Release|Any CPU.ActiveCfg = Release|Any CPU
		{0235E13E-903E-45B1-B149-F6B33BDA972E}.Release|Any CPU.Build.0 = Release|Any CPU
		{B5A9F34B-0305-40DC-8A3B-EFEFFDABA4C1}.Debug|Any CPU.ActiveCfg = Debug|Any CPU
		{B5A9F34B-0305-40DC-8A3B-EFEFFDABA4C1}.Debug|Any CPU.Build.0 = Debug|Any CPU
		{B5A9F34B-0305-40DC-8A3B-EFEFFDABA4C1}.Release|Any CPU.ActiveCfg = Release|Any CPU
		{B5A9F34B-0305-40DC-8A3B-EFEFFDABA4C1}.Release|Any CPU.Build.0 = Release|Any CPU
	EndGlobalSection
	GlobalSection(SolutionProperties) = preSolution
		HideSolutionNode = FALSE
	EndGlobalSection
	GlobalSection(ExtensibilityGlobals) = postSolution
		SolutionGuid = {5D280CE5-FB2C-4D31-9979-58EC1EB58258}
	EndGlobalSection
EndGlobal
